
Microsoft Visual Studio Solution File, Format Version 12.00
# Visual Studio 15
VisualStudioVersion = 15.0.26430.15
MinimumVisualStudioVersion = 10.0.40219.1
Project("{FAE04EC0-301F-11D3-BF4B-00C04F79EFBC}") = "ProductCatalogueService", "ProductCatalogueService\ProductCatalogueService.csproj", "{E80F9577-9AF1-437C-9F67-2A4EBBBF9616}"
EndProject
Project("{FAE04EC0-301F-11D3-BF4B-00C04F79EFBC}") = "ProductPricingService", "ProductPricingService\ProductPricingService.csproj", "{9B5F4C33-B226-42FF-B6A7-896FE3166A37}"
EndProject
Project("{FAE04EC0-301F-11D3-BF4B-00C04F79EFBC}") = "GlobaMartWeb", "GlobaMartWeb\GlobaMartWeb.csproj", "{E1491024-1868-4EBB-A380-9B330A98F3F8}"
EndProject
Project("{2150E333-8FDC-42A3-9474-1A3956D46DE8}") = "Services", "Services", "{D2528863-05B5-4246-B604-645F51652603}"
EndProject
Global
	GlobalSection(SolutionConfigurationPlatforms) = preSolution
		Debug|Any CPU = Debug|Any CPU
		Release|Any CPU = Release|Any CPU
	EndGlobalSection
	GlobalSection(ProjectConfigurationPlatforms) = postSolution
		{E80F9577-9AF1-437C-9F67-2A4EBBBF9616}.Debug|Any CPU.ActiveCfg = Debug|Any CPU
		{E80F9577-9AF1-437C-9F67-2A4EBBBF9616}.Debug|Any CPU.Build.0 = Debug|Any CPU
		{E80F9577-9AF1-437C-9F67-2A4EBBBF9616}.Release|Any CPU.ActiveCfg = Release|Any CPU
		{E80F9577-9AF1-437C-9F67-2A4EBBBF9616}.Release|Any CPU.Build.0 = Release|Any CPU
		{9B5F4C33-B226-42FF-B6A7-896FE3166A37}.Debug|Any CPU.ActiveCfg = Debug|Any CPU
		{9B5F4C33-B226-42FF-B6A7-896FE3166A37}.Debug|Any CPU.Build.0 = Debug|Any CPU
		{9B5F4C33-B226-42FF-B6A7-896FE3166A37}.Release|Any CPU.ActiveCfg = Release|Any CPU
		{9B5F4C33-B226-42FF-B6A7-896FE3166A37}.Release|Any CPU.Build.0 = Release|Any CPU
		{E1491024-1868-4EBB-A380-9B330A98F3F8}.Debug|Any CPU.ActiveCfg = Debug|Any CPU
		{E1491024-1868-4EBB-A380-9B330A98F3F8}.Debug|Any CPU.Build.0 = Debug|Any CPU
		{E1491024-1868-4EBB-A380-9B330A98F3F8}.Release|Any CPU.ActiveCfg = Release|Any CPU
		{E1491024-1868-4EBB-A380-9B330A98F3F8}.Release|Any CPU.Build.0 = Release|Any CPU
	EndGlobalSection
	GlobalSection(SolutionProperties) = preSolution
		HideSolutionNode = FALSE
	EndGlobalSection
	GlobalSection(NestedProjects) = preSolution
		{E80F9577-9AF1-437C-9F67-2A4EBBBF9616} = {D2528863-05B5-4246-B604-645F51652603}
		{9B5F4C33-B226-42FF-B6A7-896FE3166A37} = {D2528863-05B5-4246-B604-645F51652603}
	EndGlobalSection
EndGlobal
